// !$*UTF8*$!
{
	archiveVersion = 1;
	classes = {
	};
	objectVersion = 55;
	objects = {

/* Begin PBXBuildFile section */
		5C35BEC043E1D04398FE5300 /* Pods_boiKhata.framework in Frameworks */ = {isa = PBXBuildFile; fileRef = 8AC929D2F9E42C61E964CBA2 /* Pods_boiKhata.framework */; };
		C8C582EF27FAB58600A24E84 /* GoogleService-Info.plist in Resources */ = {isa = PBXBuildFile; fileRef = C8C582EE27FAB58600A24E84 /* GoogleService-Info.plist */; };
		C8C582F527FACF8200A24E84 /* Info.swift in Sources */ = {isa = PBXBuildFile; fileRef = C8C582F427FACF8200A24E84 /* Info.swift */; };
		C8E58EDD27F589D800E2B18E /* boiKhataApp.swift in Sources */ = {isa = PBXBuildFile; fileRef = C8E58EDC27F589D800E2B18E /* boiKhataApp.swift */; };
		C8E58EDF27F589D800E2B18E /* ContentView.swift in Sources */ = {isa = PBXBuildFile; fileRef = C8E58EDE27F589D800E2B18E /* ContentView.swift */; };
		C8E58EE127F589DA00E2B18E /* Assets.xcassets in Resources */ = {isa = PBXBuildFile; fileRef = C8E58EE027F589DA00E2B18E /* Assets.xcassets */; };
		C8E58EE427F589DA00E2B18E /* Preview Assets.xcassets in Resources */ = {isa = PBXBuildFile; fileRef = C8E58EE327F589DA00E2B18E /* Preview Assets.xcassets */; };
/* End PBXBuildFile section */

/* Begin PBXFileReference section */
		5373B3765540F670D05FF1CE /* Pods-boiKhata.release.xcconfig */ = {isa = PBXFileReference; includeInIndex = 1; lastKnownFileType = text.xcconfig; name = "Pods-boiKhata.release.xcconfig"; path = "Target Support Files/Pods-boiKhata/Pods-boiKhata.release.xcconfig"; sourceTree = "<group>"; };
		8AC929D2F9E42C61E964CBA2 /* Pods_boiKhata.framework */ = {isa = PBXFileReference; explicitFileType = wrapper.framework; includeInIndex = 0; path = Pods_boiKhata.framework; sourceTree = BUILT_PRODUCTS_DIR; };
		9C12A9AA8D78E308486AC736 /* Pods-boiKhata.debug.xcconfig */ = {isa = PBXFileReference; includeInIndex = 1; lastKnownFileType = text.xcconfig; name = "Pods-boiKhata.debug.xcconfig"; path = "Target Support Files/Pods-boiKhata/Pods-boiKhata.debug.xcconfig"; sourceTree = "<group>"; };
		C8C582EE27FAB58600A24E84 /* GoogleService-Info.plist */ = {isa = PBXFileReference; fileEncoding = 4; lastKnownFileType = text.plist.xml; path = "GoogleService-Info.plist"; sourceTree = "<group>"; };
		C8C582F427FACF8200A24E84 /* Info.swift */ = {isa = PBXFileReference; lastKnownFileType = sourcecode.swift; path = Info.swift; sourceTree = "<group>"; };
		C8E58ED927F589D800E2B18E /* boiKhata.app */ = {isa = PBXFileReference; explicitFileType = wrapper.application; includeInIndex = 0; path = boiKhata.app; sourceTree = BUILT_PRODUCTS_DIR; };
		C8E58EDC27F589D800E2B18E /* boiKhataApp.swift */ = {isa = PBXFileReference; lastKnownFileType = sourcecode.swift; path = boiKhataApp.swift; sourceTree = "<group>"; };
		C8E58EDE27F589D800E2B18E /* ContentView.swift */ = {isa = PBXFileReference; lastKnownFileType = sourcecode.swift; path = ContentView.swift; sourceTree = "<group>"; };
		C8E58EE027F589DA00E2B18E /* Assets.xcassets */ = {isa = PBXFileReference; lastKnownFileType = folder.assetcatalog; path = Assets.xcassets; sourceTree = "<group>"; };
		C8E58EE327F589DA00E2B18E /* Preview Assets.xcassets */ = {isa = PBXFileReference; lastKnownFileType = folder.assetcatalog; path = "Preview Assets.xcassets"; sourceTree = "<group>"; };
/* End PBXFileReference section */

/* Begin PBXFrameworksBuildPhase section */
		C8E58ED627F589D800E2B18E /* Frameworks */ = {
			isa = PBXFrameworksBuildPhase;
			buildActionMask = 2147483647;
			files = (
				5C35BEC043E1D04398FE5300 /* Pods_boiKhata.framework in Frameworks */,
			);
			runOnlyForDeploymentPostprocessing = 0;
		};
/* End PBXFrameworksBuildPhase section */

/* Begin PBXGroup section */
		10B5DDB7C80F18D783C35090 /* Pods */ = {
			isa = PBXGroup;
			children = (
				9C12A9AA8D78E308486AC736 /* Pods-boiKhata.debug.xcconfig */,
				5373B3765540F670D05FF1CE /* Pods-boiKhata.release.xcconfig */,
			);
			path = Pods;
			sourceTree = "<group>";
		};
		58E3678FA83139279A7CD4DB /* Frameworks */ = {
			isa = PBXGroup;
			children = (
				8AC929D2F9E42C61E964CBA2 /* Pods_boiKhata.framework */,
			);
			name = Frameworks;
			sourceTree = "<group>";
		};
		C8C582F127FAC72400A24E84 /* Models */ = {
			isa = PBXGroup;
			children = (
				C8C582F427FACF8200A24E84 /* Info.swift */,
			);
			path = Models;
			sourceTree = "<group>";
		};
		C8E58ED027F589D800E2B18E = {
			isa = PBXGroup;
			children = (
				C8E58EDB27F589D800E2B18E /* boiKhata */,
				C8E58EDA27F589D800E2B18E /* Products */,
				10B5DDB7C80F18D783C35090 /* Pods */,
				58E3678FA83139279A7CD4DB /* Frameworks */,
			);
			sourceTree = "<group>";
		};
		C8E58EDA27F589D800E2B18E /* Products */ = {
			isa = PBXGroup;
			children = (
				C8E58ED927F589D800E2B18E /* boiKhata.app */,
			);
			name = Products;
			sourceTree = "<group>";
		};
		C8E58EDB27F589D800E2B18E /* boiKhata */ = {
			isa = PBXGroup;
			children = (
				C8E58EDC27F589D800E2B18E /* boiKhataApp.swift */,
				C8C582EE27FAB58600A24E84 /* GoogleService-Info.plist */,
				C8E58EDE27F589D800E2B18E /* ContentView.swift */,
				C8C582F127FAC72400A24E84 /* Models */,
				C8E58EE027F589DA00E2B18E /* Assets.xcassets */,
				C8E58EE227F589DA00E2B18E /* Preview Content */,
			);
			path = boiKhata;
			sourceTree = "<group>";
		};
		C8E58EE227F589DA00E2B18E /* Preview Content */ = {
			isa = PBXGroup;
			children = (
				C8E58EE327F589DA00E2B18E /* Preview Assets.xcassets */,
			);
			path = "Preview Content";
			sourceTree = "<group>";
		};
/* End PBXGroup section */

/* Begin PBXNativeTarget section */
		C8E58ED827F589D800E2B18E /* boiKhata */ = {
			isa = PBXNativeTarget;
			buildConfigurationList = C8E58EE727F589DA00E2B18E /* Build configuration list for PBXNativeTarget "boiKhata" */;
			buildPhases = (
				9739F4783B4E7FE0A0D5F73D /* [CP] Check Pods Manifest.lock */,
				C8E58ED527F589D800E2B18E /* Sources */,
				C8E58ED627F589D800E2B18E /* Frameworks */,
				C8E58ED727F589D800E2B18E /* Resources */,
				FC528D393071A3E0710F00F4 /* [CP] Embed Pods Frameworks */,
			);
			buildRules = (
			);
			dependencies = (
			);
			name = boiKhata;
			productName = boiKhata;
			productReference = C8E58ED927F589D800E2B18E /* boiKhata.app */;
			productType = "com.apple.product-type.application";
		};
/* End PBXNativeTarget section */

/* Begin PBXProject section */
		C8E58ED127F589D800E2B18E /* Project object */ = {
			isa = PBXProject;
			attributes = {
				BuildIndependentTargetsInParallel = 1;
				LastSwiftUpdateCheck = 1330;
				LastUpgradeCheck = 1330;
				TargetAttributes = {
					C8E58ED827F589D800E2B18E = {
						CreatedOnToolsVersion = 13.3;
					};
				};
			};
			buildConfigurationList = C8E58ED427F589D800E2B18E /* Build configuration list for PBXProject "boiKhata" */;
			compatibilityVersion = "Xcode 13.0";
			developmentRegion = en;
			hasScannedForEncodings = 0;
			knownRegions = (
				en,
				Base,
			);
			mainGroup = C8E58ED027F589D800E2B18E;
			productRefGroup = C8E58EDA27F589D800E2B18E /* Products */;
			projectDirPath = "";
			projectRoot = "";
			targets = (
				C8E58ED827F589D800E2B18E /* boiKhata */,
			);
		};
/* End PBXProject section */

/* Begin PBXResourcesBuildPhase section */
		C8E58ED727F589D800E2B18E /* Resources */ = {
			isa = PBXResourcesBuildPhase;
			buildActionMask = 2147483647;
			files = (
				C8E58EE427F589DA00E2B18E /* Preview Assets.xcassets in Resources */,
				C8E58EE127F589DA00E2B18E /* Assets.xcassets in Resources */,
				C8C582EF27FAB58600A24E84 /* GoogleService-Info.plist in Resources */,
			);
			runOnlyForDeploymentPostprocessing = 0;
		};
/* End PBXResourcesBuildPhase section */

/* Begin PBXShellScriptBuildPhase section */
		9739F4783B4E7FE0A0D5F73D /* [CP] Check Pods Manifest.lock */ = {
			isa = PBXShellScriptBuildPhase;
			buildActionMask = 2147483647;
			files = (
			);
			inputFileListPaths = (
			);
			inputPaths = (
				"${PODS_PODFILE_DIR_PATH}/Podfile.lock",
				"${PODS_ROOT}/Manifest.lock",
			);
			name = "[CP] Check Pods Manifest.lock";
			outputFileListPaths = (
			);
			outputPaths = (
				"$(DERIVED_FILE_DIR)/Pods-boiKhata-checkManifestLockResult.txt",
			);
			runOnlyForDeploymentPostprocessing = 0;
			shellPath = /bin/sh;
			shellScript = "diff \"${PODS_PODFILE_DIR_PATH}/Podfile.lock\" \"${PODS_ROOT}/Manifest.lock\" > /dev/null\nif [ $? != 0 ] ; then\n    # print error to STDERR\n    echo \"error: The sandbox is not in sync with the Podfile.lock. Run 'pod install' or update your CocoaPods installation.\" >&2\n    exit 1\nfi\n# This output is used by Xcode 'outputs' to avoid re-running this script phase.\necho \"SUCCESS\" > \"${SCRIPT_OUTPUT_FILE_0}\"\n";
			showEnvVarsInLog = 0;
		};
		FC528D393071A3E0710F00F4 /* [CP] Embed Pods Frameworks */ = {
			isa = PBXShellScriptBuildPhase;
			buildActionMask = 2147483647;
			files = (
			);
			inputFileListPaths = (
				"${PODS_ROOT}/Target Support Files/Pods-boiKhata/Pods-boiKhata-frameworks-${CONFIGURATION}-input-files.xcfilelist",
			);
			name = "[CP] Embed Pods Frameworks";
			outputFileListPaths = (
				"${PODS_ROOT}/Target Support Files/Pods-boiKhata/Pods-boiKhata-frameworks-${CONFIGURATION}-output-files.xcfilelist",
			);
			runOnlyForDeploymentPostprocessing = 0;
			shellPath = /bin/sh;
			shellScript = "\"${PODS_ROOT}/Target Support Files/Pods-boiKhata/Pods-boiKhata-frameworks.sh\"\n";
			showEnvVarsInLog = 0;
		};
/* End PBXShellScriptBuildPhase section */

/* Begin PBXSourcesBuildPhase section */
		C8E58ED527F589D800E2B18E /* Sources */ = {
			isa = PBXSourcesBuildPhase;
			buildActionMask = 2147483647;
			files = (
				C8C582F527FACF8200A24E84 /* Info.swift in Sources */,
				C8E58EDF27F589D800E2B18E /* ContentView.swift in Sources */,
				C8E58EDD27F589D800E2B18E /* boiKhataApp.swift in Sources */,
			);
			runOnlyForDeploymentPostprocessing = 0;
		};
/* End PBXSourcesBuildPhase section */

/* Begin XCBuildConfiguration section */
		C8E58EE527F589DA00E2B18E /* Debug */ = {
			isa = XCBuildConfiguration;
			buildSettings = {
				ALWAYS_SEARCH_USER_PATHS = NO;
				CLANG_ANALYZER_NONNULL = YES;
				CLANG_ANALYZER_NUMBER_OBJECT_CONVERSION = YES_AGGRESSIVE;
				CLANG_CXX_LANGUAGE_STANDARD = "gnu++17";
				CLANG_ENABLE_MODULES = YES;
				CLANG_ENABLE_OBJC_ARC = YES;
				CLANG_ENABLE_OBJC_WEAK = YES;
				CLANG_WARN_BLOCK_CAPTURE_AUTORELEASING = YES;
				CLANG_WARN_BOOL_CONVERSION = YES;
				CLANG_WARN_COMMA = YES;
				CLANG_WARN_CONSTANT_CONVERSION = YES;
				CLANG_WARN_DEPRECATED_OBJC_IMPLEMENTATIONS = YES;
				CLANG_WARN_DIRECT_OBJC_ISA_USAGE = YES_ERROR;
				CLANG_WARN_DOCUMENTATION_COMMENTS = YES;
				CLANG_WARN_EMPTY_BODY = YES;
				CLANG_WARN_ENUM_CONVERSION = YES;
				CLANG_WARN_INFINITE_RECURSION = YES;
				CLANG_WARN_INT_CONVERSION = YES;
				CLANG_WARN_NON_LITERAL_NULL_CONVERSION = YES;
				CLANG_WARN_OBJC_IMPLICIT_RETAIN_SELF = YES;
				CLANG_WARN_OBJC_LITERAL_CONVERSION = YES;
				CLANG_WARN_OBJC_ROOT_CLASS = YES_ERROR;
				CLANG_WARN_QUOTED_INCLUDE_IN_FRAMEWORK_HEADER = YES;
				CLANG_WARN_RANGE_LOOP_ANALYSIS = YES;
				CLANG_WARN_STRICT_PROTOTYPES = YES;
				CLANG_WARN_SUSPICIOUS_MOVE = YES;
				CLANG_WARN_UNGUARDED_AVAILABILITY = YES_AGGRESSIVE;
				CLANG_WARN_UNREACHABLE_CODE = YES;
				CLANG_WARN__DUPLICATE_METHOD_MATCH = YES;
				COPY_PHASE_STRIP = NO;
				DEBUG_INFORMATION_FORMAT = dwarf;
				ENABLE_STRICT_OBJC_MSGSEND = YES;
				ENABLE_TESTABILITY = YES;
				GCC_C_LANGUAGE_STANDARD = gnu11;
				GCC_DYNAMIC_NO_PIC = NO;
				GCC_NO_COMMON_BLOCKS = YES;
				GCC_OPTIMIZATION_LEVEL = 0;
				GCC_PREPROCESSOR_DEFINITIONS = (
					"DEBUG=1",
					"$(inherited)",
				);
				GCC_WARN_64_TO_32_BIT_CONVERSION = YES;
				GCC_WARN_ABOUT_RETURN_TYPE = YES_ERROR;
				GCC_WARN_UNDECLARED_SELECTOR = YES;
				GCC_WARN_UNINITIALIZED_AUTOS = YES_AGGRESSIVE;
				GCC_WARN_UNUSED_FUNCTION = YES;
				GCC_WARN_UNUSED_VARIABLE = YES;
				IPHONEOS_DEPLOYMENT_TARGET = 15.4;
				MTL_ENABLE_DEBUG_INFO = INCLUDE_SOURCE;
				MTL_FAST_MATH = YES;
				ONLY_ACTIVE_ARCH = YES;
				SDKROOT = iphoneos;
				SWIFT_ACTIVE_COMPILATION_CONDITIONS = DEBUG;
				SWIFT_OPTIMIZATION_LEVEL = "-Onone";
			};
			name = Debug;
		};
		C8E58EE627F589DA00E2B18E /* Release */ = {
			isa = XCBuildConfiguration;
			buildSettings = {
				ALWAYS_SEARCH_USER_PATHS = NO;
				CLANG_ANALYZER_NONNULL = YES;
				CLANG_ANALYZER_NUMBER_OBJECT_CONVERSION = YES_AGGRESSIVE;
				CLANG_CXX_LANGUAGE_STANDARD = "gnu++17";
				CLANG_ENABLE_MODULES = YES;
				CLANG_ENABLE_OBJC_ARC = YES;
				CLANG_ENABLE_OBJC_WEAK = YES;
				CLANG_WARN_BLOCK_CAPTURE_AUTORELEASING = YES;
				CLANG_WARN_BOOL_CONVERSION = YES;
				CLANG_WARN_COMMA = YES;
				CLANG_WARN_CONSTANT_CONVERSION = YES;
				CLANG_WARN_DEPRECATED_OBJC_IMPLEMENTATIONS = YES;
				CLANG_WARN_DIRECT_OBJC_ISA_USAGE = YES_ERROR;
				CLANG_WARN_DOCUMENTATION_COMMENTS = YES;
				CLANG_WARN_EMPTY_BODY = YES;
				CLANG_WARN_ENUM_CONVERSION = YES;
				CLANG_WARN_INFINITE_RECURSION = YES;
				CLANG_WARN_INT_CONVERSION = YES;
				CLANG_WARN_NON_LITERAL_NULL_CONVERSION = YES;
				CLANG_WARN_OBJC_IMPLICIT_RETAIN_SELF = YES;
				CLANG_WARN_OBJC_LITERAL_CONVERSION = YES;
				CLANG_WARN_OBJC_ROOT_CLASS = YES_ERROR;
				CLANG_WARN_QUOTED_INCLUDE_IN_FRAMEWORK_HEADER = YES;
				CLANG_WARN_RANGE_LOOP_ANALYSIS = YES;
				CLANG_WARN_STRICT_PROTOTYPES = YES;
				CLANG_WARN_SUSPICIOUS_MOVE = YES;
				CLANG_WARN_UNGUARDED_AVAILABILITY = YES_AGGRESSIVE;
				CLANG_WARN_UNREACHABLE_CODE = YES;
				CLANG_WARN__DUPLICATE_METHOD_MATCH = YES;
				COPY_PHASE_STRIP = NO;
				DEBUG_INFORMATION_FORMAT = "dwarf-with-dsym";
				ENABLE_NS_ASSERTIONS = NO;
				ENABLE_STRICT_OBJC_MSGSEND = YES;
				GCC_C_LANGUAGE_STANDARD = gnu11;
				GCC_NO_COMMON_BLOCKS = YES;
				GCC_WARN_64_TO_32_BIT_CONVERSION = YES;
				GCC_WARN_ABOUT_RETURN_TYPE = YES_ERROR;
				GCC_WARN_UNDECLARED_SELECTOR = YES;
				GCC_WARN_UNINITIALIZED_AUTOS = YES_AGGRESSIVE;
				GCC_WARN_UNUSED_FUNCTION = YES;
				GCC_WARN_UNUSED_VARIABLE = YES;
				IPHONEOS_DEPLOYMENT_TARGET = 15.4;
				MTL_ENABLE_DEBUG_INFO = NO;
				MTL_FAST_MATH = YES;
				SDKROOT = iphoneos;
				SWIFT_COMPILATION_MODE = wholemodule;
				SWIFT_OPTIMIZATION_LEVEL = "-O";
				VALIDATE_PRODUCT = YES;
			};
			name = Release;
		};
		C8E58EE827F589DA00E2B18E /* Debug */ = {
			isa = XCBuildConfiguration;
			baseConfigurationReference = 9C12A9AA8D78E308486AC736 /* Pods-boiKhata.debug.xcconfig */;
			buildSettings = {
				ASSETCATALOG_COMPILER_APPICON_NAME = AppIcon;
				ASSETCATALOG_COMPILER_GLOBAL_ACCENT_COLOR_NAME = AccentColor;
				CODE_SIGN_STYLE = Automatic;
				CURRENT_PROJECT_VERSION = 1;
				DEVELOPMENT_ASSET_PATHS = "\"boiKhata/Preview Content\"";
				DEVELOPMENT_TEAM = H5A52AJSR2;
				ENABLE_PREVIEWS = YES;
				GENERATE_INFOPLIST_FILE = YES;
				INFOPLIST_KEY_UIApplicationSceneManifest_Generation = YES;
				INFOPLIST_KEY_UIApplicationSupportsIndirectInputEvents = YES;
				INFOPLIST_KEY_UILaunchScreen_Generation = YES;
				INFOPLIST_KEY_UISupportedInterfaceOrientations_iPad = "UIInterfaceOrientationPortrait UIInterfaceOrientationPortraitUpsideDown UIInterfaceOrientationLandscapeLeft UIInterfaceOrientationLandscapeRight";
				INFOPLIST_KEY_UISupportedInterfaceOrientations_iPhone = "UIInterfaceOrientationPortrait UIInterfaceOrientationLandscapeLeft UIInterfaceOrientationLandscapeRight";
				LD_RUNPATH_SEARCH_PATHS = (
					"$(inherited)",
					"@executable_path/Frameworks",
				);
				MARKETING_VERSION = 1.0;
				PRODUCT_BUNDLE_IDENTIFIER = com.dhruba.boiKhata;
				PRODUCT_NAME = "$(TARGET_NAME)";
				SWIFT_EMIT_LOC_STRINGS = YES;
				SWIFT_VERSION = 5.0;
				TARGETED_DEVICE_FAMILY = "1,2";
			};
			name = Debug;
		};
		C8E58EE927F589DA00E2B18E /* Release */ = {
			isa = XCBuildConfiguration;
			baseConfigurationReference = 5373B3765540F670D05FF1CE /* Pods-boiKhata.release.xcconfig */;
			buildSettings = {
				ASSETCATALOG_COMPILER_APPICON_NAME = AppIcon;
				ASSETCATALOG_COMPILER_GLOBAL_ACCENT_COLOR_NAME = AccentColor;
				CODE_SIGN_STYLE = Automatic;
				CURRENT_PROJECT_VERSION = 1;
				DEVELOPMENT_ASSET_PATHS = "\"boiKhata/Preview Content\"";
				DEVELOPMENT_TEAM = H5A52AJSR2;
				ENABLE_PREVIEWS = YES;
				GENERATE_INFOPLIST_FILE = YES;
				INFOPLIST_KEY_UIApplicationSceneManifest_Generation = YES;
				INFOPLIST_KEY_UIApplicationSupportsIndirectInputEvents = YES;
				INFOPLIST_KEY_UILaunchScreen_Generation = YES;
				INFOPLIST_KEY_UISupportedInterfaceOrientations_iPad = "UIInterfaceOrientationPortrait UIInterfaceOrientationPortraitUpsideDown UIInterfaceOrientationLandscapeLeft UIInterfaceOrientationLandscapeRight";
				INFOPLIST_KEY_UISupportedInterfaceOrientations_iPhone = "UIInterfaceOrientationPortrait UIInterfaceOrientationLandscapeLeft UIInterfaceOrientationLandscapeRight";
				LD_RUNPATH_SEARCH_PATHS = (
					"$(inherited)",
					"@executable_path/Frameworks",
				);
				MARKETING_VERSION = 1.0;
				PRODUCT_BUNDLE_IDENTIFIER = com.dhruba.boiKhata;
				PRODUCT_NAME = "$(TARGET_NAME)";
				SWIFT_EMIT_LOC_STRINGS = YES;
				SWIFT_VERSION = 5.0;
				TARGETED_DEVICE_FAMILY = "1,2";
			};
			name = Release;
		};
/* End XCBuildConfiguration section */

/* Begin XCConfigurationList section */
		C8E58ED427F589D800E2B18E /* Build configuration list for PBXProject "boiKhata" */ = {
			isa = XCConfigurationList;
			buildConfigurations = (
				C8E58EE527F589DA00E2B18E /* Debug */,
				C8E58EE627F589DA00E2B18E /* Release */,
			);
			defaultConfigurationIsVisible = 0;
			defaultConfigurationName = Release;
		};
		C8E58EE727F589DA00E2B18E /* Build configuration list for PBXNativeTarget "boiKhata" */ = {
			isa = XCConfigurationList;
			buildConfigurations = (
				C8E58EE827F589DA00E2B18E /* Debug */,
				C8E58EE927F589DA00E2B18E /* Release */,
			);
			defaultConfigurationIsVisible = 0;
			defaultConfigurationName = Release;
		};
/* End XCConfigurationList section */
	};
	rootObject = C8E58ED127F589D800E2B18E /* Project object */;
}
